
Microsoft Visual Studio Solution File, Format Version 12.00
Project("{FAE04EC0-301F-11D3-BF4B-00C04F79EFBC}") = "Threads_001", "Threads_001\Threads_001.csproj", "{C5D8BE53-69A4-4370-8633-B1964464F649}"
EndProject
Project("{FAE04EC0-301F-11D3-BF4B-00C04F79EFBC}") = "Threads_002", "Threads_002\Threads_002.csproj", "{C2DC8819-3126-4FFD-A2AF-DAD369C24AD1}"
EndProject
Project("{FAE04EC0-301F-11D3-BF4B-00C04F79EFBC}") = "Threads_003_FvsB", "Threads_003_FvsB\Threads_003_FvsB.csproj", "{3F38FCD4-3CFC-421D-9F9F-F197B379EA40}"
EndProject
Project("{FAE04EC0-301F-11D3-BF4B-00C04F79EFBC}") = "Threads_004_Priorities", "Threads_004_Priorities\Threads_004_Priorities.csproj", "{514A5213-7624-4B73-B0F2-43D765DF867B}"
EndProject
Project("{FAE04EC0-301F-11D3-BF4B-00C04F79EFBC}") = "Threads_005_Join", "Threads_005_Join\Threads_005_Join.csproj", "{32E477DA-AFBD-4A7F-9187-566FEAE363D4}"
EndProject
Project("{FAE04EC0-301F-11D3-BF4B-00C04F79EFBC}") = "Threads_006_Join", "Threads_006_Join\Threads_006_Join.csproj", "{637A05B0-3831-48F6-842A-2273C8675CCC}"
EndProject
Project("{FAE04EC0-301F-11D3-BF4B-00C04F79EFBC}") = "Threads_007_Abort", "Threads_007_Abort\Threads_007_Abort.csproj", "{91F17D93-3FEC-4BF9-A87E-7609017054E8}"
EndProject
Project("{FAE04EC0-301F-11D3-BF4B-00C04F79EFBC}") = "Threads_008_Reader", "Threads_008_Reader\Threads_008_Reader.csproj", "{A9C90BFF-641E-4008-B4C0-989CD6BDC99B}"
EndProject
Project("{2150E333-8FDC-42A3-9474-1A3956D46DE8}") = "Part2", "Part2", "{44FAC7E5-DE07-4659-886D-744822C9214C}"
EndProject
Project("{FAE04EC0-301F-11D3-BF4B-00C04F79EFBC}") = "Threads2_001_EC", "Threads2_001_EC\Threads2_001_EC.csproj", "{C69227BE-2FCF-4665-9405-D703E45CB5A5}"
EndProject
Project("{FAE04EC0-301F-11D3-BF4B-00C04F79EFBC}") = "Threads2_002_Cancellation", "Threads2_002_Cancellation\Threads2_002_Cancellation.csproj", "{0191CC7C-3791-427A-ACDA-8BDEE52DE1EB}"
EndProject
Project("{FAE04EC0-301F-11D3-BF4B-00C04F79EFBC}") = "Threads2_003_Cancellation", "Threads2_003_Cancellation\Threads2_003_Cancellation.csproj", "{CFDB74DB-7311-459F-B6E7-604E25C6B7E9}"
EndProject
Project("{FAE04EC0-301F-11D3-BF4B-00C04F79EFBC}") = "Threads2_004_Tasks", "Threads2_004_Tasks\Threads2_004_Tasks.csproj", "{992CCC67-57FC-4E80-AC32-738F1469F4C2}"
EndProject
Project("{FAE04EC0-301F-11D3-BF4B-00C04F79EFBC}") = "Threads2_005_Factory", "Threads2_005_Factory\Threads2_005_Factory.csproj", "{C8A48498-36BE-4566-9EBB-32F323D991AD}"
EndProject
Project("{FAE04EC0-301F-11D3-BF4B-00C04F79EFBC}") = "Threads2_006_Parallel", "Threads2_006_Parallel\Threads2_006_Parallel.csproj", "{9AEDCF77-01A1-4DC3-A4EF-335D40A0E799}"
EndProject
Project("{FAE04EC0-301F-11D3-BF4B-00C04F79EFBC}") = "Threads2_007_Parallel", "Threads2_007_Parallel\Threads2_007_Parallel.csproj", "{CE12BAC8-E73E-4690-BF9D-030193AA6915}"
EndProject
Project("{FAE04EC0-301F-11D3-BF4B-00C04F79EFBC}") = "Threads2_008_Timer", "Threads2_008_Timer\Threads2_008_Timer.csproj", "{80EF4279-A64B-4EE4-B495-DD62C2E2BDBD}"
EndProject
Project("{FAE04EC0-301F-11D3-BF4B-00C04F79EFBC}") = "Threads2_009_Logger", "Threads2_009_Logger\Threads2_009_Logger.csproj", "{192A0467-272E-45E5-B33E-CA4A5BEE3F7D}"
EndProject
Project("{FAE04EC0-301F-11D3-BF4B-00C04F79EFBC}") = "Threads_009_Optimization", "Threads_009_Optimization\Threads_009_Optimization.csproj", "{6894D560-A8CD-41FD-96BF-972273991266}"
EndProject
Project("{FAE04EC0-301F-11D3-BF4B-00C04F79EFBC}") = "Threads_010_SharingData", "Threads_010_SharingData\Threads_010_SharingData.csproj", "{1392075D-AA7B-4F42-A142-EDFCEED64904}"
EndProject
Project("{FAE04EC0-301F-11D3-BF4B-00C04F79EFBC}") = "Threads_011_StringBuilder", "Threads_011_StringBuilder\Threads_011_StringBuilder.csproj", "{526478E4-7BE3-4A62-954F-C236F51A668F}"
EndProject
Project("{FAE04EC0-301F-11D3-BF4B-00C04F79EFBC}") = "Threads_012_Interlocked", "Threads_012_Interlocked\Threads_012_Interlocked.csproj", "{3C206FB6-29CD-471D-9C38-8B238263F8F8}"
EndProject
Project("{FAE04EC0-301F-11D3-BF4B-00C04F79EFBC}") = "Threads_013_Spin", "Threads_013_Spin\Threads_013_Spin.csproj", "{04623435-5B4A-4C2B-B355-25E0DB5734FD}"
EndProject
Project("{FAE04EC0-301F-11D3-BF4B-00C04F79EFBC}") = "Threads2_010_ValueTask", "Threads2_010_ValueTask\Threads2_010_ValueTask.csproj", "{CF4D71A0-1D15-4709-984E-3DF933D56843}"
EndProject
Project("{FAE04EC0-301F-11D3-BF4B-00C04F79EFBC}") = "Threads2_011_StateMachine", "Threads2_011_StateMachine\Threads2_011_StateMachine.csproj", "{5C81D9A2-A91A-4D5D-AB10-403D017FB9F0}"
EndProject
Project("{FAE04EC0-301F-11D3-BF4B-00C04F79EFBC}") = "Threads2_011_ConfigureAwait", "Threads2_011_ConfigureAwait\Threads2_011_ConfigureAwait.csproj", "{55B8D0C3-478A-4600-B9E7-63F3EF7291EB}"
EndProject
Global
	GlobalSection(SolutionConfigurationPlatforms) = preSolution
		Debug|Any CPU = Debug|Any CPU
		Release|Any CPU = Release|Any CPU
	EndGlobalSection
	GlobalSection(ProjectConfigurationPlatforms) = postSolution
		{C5D8BE53-69A4-4370-8633-B1964464F649}.Debug|Any CPU.ActiveCfg = Debug|Any CPU
		{C5D8BE53-69A4-4370-8633-B1964464F649}.Debug|Any CPU.Build.0 = Debug|Any CPU
		{C5D8BE53-69A4-4370-8633-B1964464F649}.Release|Any CPU.ActiveCfg = Release|Any CPU
		{C5D8BE53-69A4-4370-8633-B1964464F649}.Release|Any CPU.Build.0 = Release|Any CPU
		{C2DC8819-3126-4FFD-A2AF-DAD369C24AD1}.Debug|Any CPU.ActiveCfg = Debug|Any CPU
		{C2DC8819-3126-4FFD-A2AF-DAD369C24AD1}.Debug|Any CPU.Build.0 = Debug|Any CPU
		{C2DC8819-3126-4FFD-A2AF-DAD369C24AD1}.Release|Any CPU.ActiveCfg = Release|Any CPU
		{C2DC8819-3126-4FFD-A2AF-DAD369C24AD1}.Release|Any CPU.Build.0 = Release|Any CPU
		{3F38FCD4-3CFC-421D-9F9F-F197B379EA40}.Debug|Any CPU.ActiveCfg = Debug|Any CPU
		{3F38FCD4-3CFC-421D-9F9F-F197B379EA40}.Debug|Any CPU.Build.0 = Debug|Any CPU
		{3F38FCD4-3CFC-421D-9F9F-F197B379EA40}.Release|Any CPU.ActiveCfg = Release|Any CPU
		{3F38FCD4-3CFC-421D-9F9F-F197B379EA40}.Release|Any CPU.Build.0 = Release|Any CPU
		{514A5213-7624-4B73-B0F2-43D765DF867B}.Debug|Any CPU.ActiveCfg = Debug|Any CPU
		{514A5213-7624-4B73-B0F2-43D765DF867B}.Debug|Any CPU.Build.0 = Debug|Any CPU
		{514A5213-7624-4B73-B0F2-43D765DF867B}.Release|Any CPU.ActiveCfg = Release|Any CPU
		{514A5213-7624-4B73-B0F2-43D765DF867B}.Release|Any CPU.Build.0 = Release|Any CPU
		{32E477DA-AFBD-4A7F-9187-566FEAE363D4}.Debug|Any CPU.ActiveCfg = Debug|Any CPU
		{32E477DA-AFBD-4A7F-9187-566FEAE363D4}.Debug|Any CPU.Build.0 = Debug|Any CPU
		{32E477DA-AFBD-4A7F-9187-566FEAE363D4}.Release|Any CPU.ActiveCfg = Release|Any CPU
		{32E477DA-AFBD-4A7F-9187-566FEAE363D4}.Release|Any CPU.Build.0 = Release|Any CPU
		{637A05B0-3831-48F6-842A-2273C8675CCC}.Debug|Any CPU.ActiveCfg = Debug|Any CPU
		{637A05B0-3831-48F6-842A-2273C8675CCC}.Debug|Any CPU.Build.0 = Debug|Any CPU
		{637A05B0-3831-48F6-842A-2273C8675CCC}.Release|Any CPU.ActiveCfg = Release|Any CPU
		{637A05B0-3831-48F6-842A-2273C8675CCC}.Release|Any CPU.Build.0 = Release|Any CPU
		{91F17D93-3FEC-4BF9-A87E-7609017054E8}.Debug|Any CPU.ActiveCfg = Debug|Any CPU
		{91F17D93-3FEC-4BF9-A87E-7609017054E8}.Debug|Any CPU.Build.0 = Debug|Any CPU
		{91F17D93-3FEC-4BF9-A87E-7609017054E8}.Release|Any CPU.ActiveCfg = Release|Any CPU
		{91F17D93-3FEC-4BF9-A87E-7609017054E8}.Release|Any CPU.Build.0 = Release|Any CPU
		{A9C90BFF-641E-4008-B4C0-989CD6BDC99B}.Debug|Any CPU.ActiveCfg = Debug|Any CPU
		{A9C90BFF-641E-4008-B4C0-989CD6BDC99B}.Debug|Any CPU.Build.0 = Debug|Any CPU
		{A9C90BFF-641E-4008-B4C0-989CD6BDC99B}.Release|Any CPU.ActiveCfg = Release|Any CPU
		{A9C90BFF-641E-4008-B4C0-989CD6BDC99B}.Release|Any CPU.Build.0 = Release|Any CPU
		{C69227BE-2FCF-4665-9405-D703E45CB5A5}.Debug|Any CPU.ActiveCfg = Debug|Any CPU
		{C69227BE-2FCF-4665-9405-D703E45CB5A5}.Debug|Any CPU.Build.0 = Debug|Any CPU
		{C69227BE-2FCF-4665-9405-D703E45CB5A5}.Release|Any CPU.ActiveCfg = Release|Any CPU
		{C69227BE-2FCF-4665-9405-D703E45CB5A5}.Release|Any CPU.Build.0 = Release|Any CPU
		{0191CC7C-3791-427A-ACDA-8BDEE52DE1EB}.Debug|Any CPU.ActiveCfg = Debug|Any CPU
		{0191CC7C-3791-427A-ACDA-8BDEE52DE1EB}.Debug|Any CPU.Build.0 = Debug|Any CPU
		{0191CC7C-3791-427A-ACDA-8BDEE52DE1EB}.Release|Any CPU.ActiveCfg = Release|Any CPU
		{0191CC7C-3791-427A-ACDA-8BDEE52DE1EB}.Release|Any CPU.Build.0 = Release|Any CPU
		{CFDB74DB-7311-459F-B6E7-604E25C6B7E9}.Debug|Any CPU.ActiveCfg = Debug|Any CPU
		{CFDB74DB-7311-459F-B6E7-604E25C6B7E9}.Debug|Any CPU.Build.0 = Debug|Any CPU
		{CFDB74DB-7311-459F-B6E7-604E25C6B7E9}.Release|Any CPU.ActiveCfg = Release|Any CPU
		{CFDB74DB-7311-459F-B6E7-604E25C6B7E9}.Release|Any CPU.Build.0 = Release|Any CPU
		{992CCC67-57FC-4E80-AC32-738F1469F4C2}.Debug|Any CPU.ActiveCfg = Debug|Any CPU
		{992CCC67-57FC-4E80-AC32-738F1469F4C2}.Debug|Any CPU.Build.0 = Debug|Any CPU
		{992CCC67-57FC-4E80-AC32-738F1469F4C2}.Release|Any CPU.ActiveCfg = Release|Any CPU
		{992CCC67-57FC-4E80-AC32-738F1469F4C2}.Release|Any CPU.Build.0 = Release|Any CPU
		{C8A48498-36BE-4566-9EBB-32F323D991AD}.Debug|Any CPU.ActiveCfg = Debug|Any CPU
		{C8A48498-36BE-4566-9EBB-32F323D991AD}.Debug|Any CPU.Build.0 = Debug|Any CPU
		{C8A48498-36BE-4566-9EBB-32F323D991AD}.Release|Any CPU.ActiveCfg = Release|Any CPU
		{C8A48498-36BE-4566-9EBB-32F323D991AD}.Release|Any CPU.Build.0 = Release|Any CPU
		{9AEDCF77-01A1-4DC3-A4EF-335D40A0E799}.Debug|Any CPU.ActiveCfg = Debug|Any CPU
		{9AEDCF77-01A1-4DC3-A4EF-335D40A0E799}.Debug|Any CPU.Build.0 = Debug|Any CPU
		{9AEDCF77-01A1-4DC3-A4EF-335D40A0E799}.Release|Any CPU.ActiveCfg = Release|Any CPU
		{9AEDCF77-01A1-4DC3-A4EF-335D40A0E799}.Release|Any CPU.Build.0 = Release|Any CPU
		{CE12BAC8-E73E-4690-BF9D-030193AA6915}.Debug|Any CPU.ActiveCfg = Debug|Any CPU
		{CE12BAC8-E73E-4690-BF9D-030193AA6915}.Debug|Any CPU.Build.0 = Debug|Any CPU
		{CE12BAC8-E73E-4690-BF9D-030193AA6915}.Release|Any CPU.ActiveCfg = Release|Any CPU
		{CE12BAC8-E73E-4690-BF9D-030193AA6915}.Release|Any CPU.Build.0 = Release|Any CPU
		{80EF4279-A64B-4EE4-B495-DD62C2E2BDBD}.Debug|Any CPU.ActiveCfg = Debug|Any CPU
		{80EF4279-A64B-4EE4-B495-DD62C2E2BDBD}.Debug|Any CPU.Build.0 = Debug|Any CPU
		{80EF4279-A64B-4EE4-B495-DD62C2E2BDBD}.Release|Any CPU.ActiveCfg = Release|Any CPU
		{80EF4279-A64B-4EE4-B495-DD62C2E2BDBD}.Release|Any CPU.Build.0 = Release|Any CPU
		{192A0467-272E-45E5-B33E-CA4A5BEE3F7D}.Debug|Any CPU.ActiveCfg = Debug|Any CPU
		{192A0467-272E-45E5-B33E-CA4A5BEE3F7D}.Debug|Any CPU.Build.0 = Debug|Any CPU
		{192A0467-272E-45E5-B33E-CA4A5BEE3F7D}.Release|Any CPU.ActiveCfg = Release|Any CPU
		{192A0467-272E-45E5-B33E-CA4A5BEE3F7D}.Release|Any CPU.Build.0 = Release|Any CPU
		{6894D560-A8CD-41FD-96BF-972273991266}.Debug|Any CPU.ActiveCfg = Debug|Any CPU
		{6894D560-A8CD-41FD-96BF-972273991266}.Debug|Any CPU.Build.0 = Debug|Any CPU
		{6894D560-A8CD-41FD-96BF-972273991266}.Release|Any CPU.ActiveCfg = Release|Any CPU
		{6894D560-A8CD-41FD-96BF-972273991266}.Release|Any CPU.Build.0 = Release|Any CPU
		{1392075D-AA7B-4F42-A142-EDFCEED64904}.Debug|Any CPU.ActiveCfg = Debug|Any CPU
		{1392075D-AA7B-4F42-A142-EDFCEED64904}.Debug|Any CPU.Build.0 = Debug|Any CPU
		{1392075D-AA7B-4F42-A142-EDFCEED64904}.Release|Any CPU.ActiveCfg = Release|Any CPU
		{1392075D-AA7B-4F42-A142-EDFCEED64904}.Release|Any CPU.Build.0 = Release|Any CPU
		{526478E4-7BE3-4A62-954F-C236F51A668F}.Debug|Any CPU.ActiveCfg = Debug|Any CPU
		{526478E4-7BE3-4A62-954F-C236F51A668F}.Debug|Any CPU.Build.0 = Debug|Any CPU
		{526478E4-7BE3-4A62-954F-C236F51A668F}.Release|Any CPU.ActiveCfg = Release|Any CPU
		{526478E4-7BE3-4A62-954F-C236F51A668F}.Release|Any CPU.Build.0 = Release|Any CPU
		{3C206FB6-29CD-471D-9C38-8B238263F8F8}.Debug|Any CPU.ActiveCfg = Debug|Any CPU
		{3C206FB6-29CD-471D-9C38-8B238263F8F8}.Debug|Any CPU.Build.0 = Debug|Any CPU
		{3C206FB6-29CD-471D-9C38-8B238263F8F8}.Release|Any CPU.ActiveCfg = Release|Any CPU
		{3C206FB6-29CD-471D-9C38-8B238263F8F8}.Release|Any CPU.Build.0 = Release|Any CPU
		{04623435-5B4A-4C2B-B355-25E0DB5734FD}.Debug|Any CPU.ActiveCfg = Debug|Any CPU
		{04623435-5B4A-4C2B-B355-25E0DB5734FD}.Debug|Any CPU.Build.0 = Debug|Any CPU
		{04623435-5B4A-4C2B-B355-25E0DB5734FD}.Release|Any CPU.ActiveCfg = Release|Any CPU
		{04623435-5B4A-4C2B-B355-25E0DB5734FD}.Release|Any CPU.Build.0 = Release|Any CPU
		{CF4D71A0-1D15-4709-984E-3DF933D56843}.Debug|Any CPU.ActiveCfg = Debug|Any CPU
		{CF4D71A0-1D15-4709-984E-3DF933D56843}.Debug|Any CPU.Build.0 = Debug|Any CPU
		{CF4D71A0-1D15-4709-984E-3DF933D56843}.Release|Any CPU.ActiveCfg = Release|Any CPU
		{CF4D71A0-1D15-4709-984E-3DF933D56843}.Release|Any CPU.Build.0 = Release|Any CPU
		{5C81D9A2-A91A-4D5D-AB10-403D017FB9F0}.Debug|Any CPU.ActiveCfg = Debug|Any CPU
		{5C81D9A2-A91A-4D5D-AB10-403D017FB9F0}.Debug|Any CPU.Build.0 = Debug|Any CPU
		{5C81D9A2-A91A-4D5D-AB10-403D017FB9F0}.Release|Any CPU.ActiveCfg = Release|Any CPU
		{5C81D9A2-A91A-4D5D-AB10-403D017FB9F0}.Release|Any CPU.Build.0 = Release|Any CPU
		{55B8D0C3-478A-4600-B9E7-63F3EF7291EB}.Debug|Any CPU.ActiveCfg = Debug|Any CPU
		{55B8D0C3-478A-4600-B9E7-63F3EF7291EB}.Debug|Any CPU.Build.0 = Debug|Any CPU
		{55B8D0C3-478A-4600-B9E7-63F3EF7291EB}.Release|Any CPU.ActiveCfg = Release|Any CPU
		{55B8D0C3-478A-4600-B9E7-63F3EF7291EB}.Release|Any CPU.Build.0 = Release|Any CPU
	EndGlobalSection
	GlobalSection(NestedProjects) = preSolution
		{C69227BE-2FCF-4665-9405-D703E45CB5A5} = {44FAC7E5-DE07-4659-886D-744822C9214C}
		{0191CC7C-3791-427A-ACDA-8BDEE52DE1EB} = {44FAC7E5-DE07-4659-886D-744822C9214C}
		{CFDB74DB-7311-459F-B6E7-604E25C6B7E9} = {44FAC7E5-DE07-4659-886D-744822C9214C}
		{992CCC67-57FC-4E80-AC32-738F1469F4C2} = {44FAC7E5-DE07-4659-886D-744822C9214C}
		{C8A48498-36BE-4566-9EBB-32F323D991AD} = {44FAC7E5-DE07-4659-886D-744822C9214C}
		{9AEDCF77-01A1-4DC3-A4EF-335D40A0E799} = {44FAC7E5-DE07-4659-886D-744822C9214C}
		{CE12BAC8-E73E-4690-BF9D-030193AA6915} = {44FAC7E5-DE07-4659-886D-744822C9214C}
		{80EF4279-A64B-4EE4-B495-DD62C2E2BDBD} = {44FAC7E5-DE07-4659-886D-744822C9214C}
		{192A0467-272E-45E5-B33E-CA4A5BEE3F7D} = {44FAC7E5-DE07-4659-886D-744822C9214C}
		{CF4D71A0-1D15-4709-984E-3DF933D56843} = {44FAC7E5-DE07-4659-886D-744822C9214C}
		{5C81D9A2-A91A-4D5D-AB10-403D017FB9F0} = {44FAC7E5-DE07-4659-886D-744822C9214C}
		{55B8D0C3-478A-4600-B9E7-63F3EF7291EB} = {44FAC7E5-DE07-4659-886D-744822C9214C}
	EndGlobalSection
EndGlobal
