
Microsoft Visual Studio Solution File, Format Version 12.00
# Visual Studio Version 16
VisualStudioVersion = 16.0.30717.126
MinimumVisualStudioVersion = 10.0.40219.1
Project("{FAE04EC0-301F-11D3-BF4B-00C04F79EFBC}") = "001_Linq", "001_Linq\001_Linq.csproj", "{D5E84F8B-AB40-4959-879F-E61224CA255F}"
EndProject
Project("{FAE04EC0-301F-11D3-BF4B-00C04F79EFBC}") = "00_Linq_Referencesource", "00_Linq_Referencesource\00_Linq_Referencesource.csproj", "{8C51E492-F838-4A24-8581-B00A2DEFD332}"
EndProject
Project("{FAE04EC0-301F-11D3-BF4B-00C04F79EFBC}") = "002_AnonymousType", "002_AnonymousType\002_AnonymousType.csproj", "{DCA0B010-DA3D-471D-B284-7A4C81A5BE2C}"
EndProject
Project("{FAE04EC0-301F-11D3-BF4B-00C04F79EFBC}") = "003_AnonymousType", "003_AnonymousType\003_AnonymousType.csproj", "{642DFEEC-05B9-41D9-9D29-C243D7877392}"
EndProject
Project("{FAE04EC0-301F-11D3-BF4B-00C04F79EFBC}") = "004_TupleTypes", "004_TupleTypes\004_TupleTypes.csproj", "{A9453CE9-C9FE-421F-8F69-AAFF41320726}"
EndProject
Global
	GlobalSection(SolutionConfigurationPlatforms) = preSolution
		Debug|Any CPU = Debug|Any CPU
		Release|Any CPU = Release|Any CPU
	EndGlobalSection
	GlobalSection(ProjectConfigurationPlatforms) = postSolution
		{D5E84F8B-AB40-4959-879F-E61224CA255F}.Debug|Any CPU.ActiveCfg = Debug|Any CPU
		{D5E84F8B-AB40-4959-879F-E61224CA255F}.Debug|Any CPU.Build.0 = Debug|Any CPU
		{D5E84F8B-AB40-4959-879F-E61224CA255F}.Release|Any CPU.ActiveCfg = Release|Any CPU
		{D5E84F8B-AB40-4959-879F-E61224CA255F}.Release|Any CPU.Build.0 = Release|Any CPU
		{8C51E492-F838-4A24-8581-B00A2DEFD332}.Debug|Any CPU.ActiveCfg = Debug|Any CPU
		{8C51E492-F838-4A24-8581-B00A2DEFD332}.Debug|Any CPU.Build.0 = Debug|Any CPU
		{8C51E492-F838-4A24-8581-B00A2DEFD332}.Release|Any CPU.ActiveCfg = Release|Any CPU
		{8C51E492-F838-4A24-8581-B00A2DEFD332}.Release|Any CPU.Build.0 = Release|Any CPU
		{DCA0B010-DA3D-471D-B284-7A4C81A5BE2C}.Debug|Any CPU.ActiveCfg = Debug|Any CPU
		{DCA0B010-DA3D-471D-B284-7A4C81A5BE2C}.Debug|Any CPU.Build.0 = Debug|Any CPU
		{DCA0B010-DA3D-471D-B284-7A4C81A5BE2C}.Release|Any CPU.ActiveCfg = Release|Any CPU
		{DCA0B010-DA3D-471D-B284-7A4C81A5BE2C}.Release|Any CPU.Build.0 = Release|Any CPU
		{642DFEEC-05B9-41D9-9D29-C243D7877392}.Debug|Any CPU.ActiveCfg = Debug|Any CPU
		{642DFEEC-05B9-41D9-9D29-C243D7877392}.Debug|Any CPU.Build.0 = Debug|Any CPU
		{642DFEEC-05B9-41D9-9D29-C243D7877392}.Release|Any CPU.ActiveCfg = Release|Any CPU
		{642DFEEC-05B9-41D9-9D29-C243D7877392}.Release|Any CPU.Build.0 = Release|Any CPU
		{A9453CE9-C9FE-421F-8F69-AAFF41320726}.Debug|Any CPU.ActiveCfg = Debug|Any CPU
		{A9453CE9-C9FE-421F-8F69-AAFF41320726}.Debug|Any CPU.Build.0 = Debug|Any CPU
		{A9453CE9-C9FE-421F-8F69-AAFF41320726}.Release|Any CPU.ActiveCfg = Release|Any CPU
		{A9453CE9-C9FE-421F-8F69-AAFF41320726}.Release|Any CPU.Build.0 = Release|Any CPU
	EndGlobalSection
	GlobalSection(SolutionProperties) = preSolution
		HideSolutionNode = FALSE
	EndGlobalSection
	GlobalSection(ExtensibilityGlobals) = postSolution
		SolutionGuid = {FA962D27-B44F-4781-8DE0-1611B75DB844}
	EndGlobalSection
EndGlobal
