
Microsoft Visual Studio Solution File, Format Version 12.00
# Visual Studio Version 16
VisualStudioVersion = 16.0.30320.27
MinimumVisualStudioVersion = 10.0.40219.1
Project("{FAE04EC0-301F-11D3-BF4B-00C04F79EFBC}") = "DemoApp", "DemoApp\DemoApp.csproj", "{EF6CA9C4-099D-4C6D-BC4A-946CAFA52D16}"
EndProject
Project("{FAE04EC0-301F-11D3-BF4B-00C04F79EFBC}") = "DemoClassLibrary", "DemoClassLibrary\DemoClassLibrary.csproj", "{ACE49D83-C140-4B49-AF1C-4DAA34230D76}"
EndProject
Global
	GlobalSection(SolutionConfigurationPlatforms) = preSolution
		Debug|Any CPU = Debug|Any CPU
		Release|Any CPU = Release|Any CPU
	EndGlobalSection
	GlobalSection(ProjectConfigurationPlatforms) = postSolution
		{EF6CA9C4-099D-4C6D-BC4A-946CAFA52D16}.Debug|Any CPU.ActiveCfg = Debug|Any CPU
		{EF6CA9C4-099D-4C6D-BC4A-946CAFA52D16}.Debug|Any CPU.Build.0 = Debug|Any CPU
		{EF6CA9C4-099D-4C6D-BC4A-946CAFA52D16}.Release|Any CPU.ActiveCfg = Release|Any CPU
		{EF6CA9C4-099D-4C6D-BC4A-946CAFA52D16}.Release|Any CPU.Build.0 = Release|Any CPU
		{ACE49D83-C140-4B49-AF1C-4DAA34230D76}.Debug|Any CPU.ActiveCfg = Debug|Any CPU
		{ACE49D83-C140-4B49-AF1C-4DAA34230D76}.Debug|Any CPU.Build.0 = Debug|Any CPU
		{ACE49D83-C140-4B49-AF1C-4DAA34230D76}.Release|Any CPU.ActiveCfg = Release|Any CPU
		{ACE49D83-C140-4B49-AF1C-4DAA34230D76}.Release|Any CPU.Build.0 = Release|Any CPU
	EndGlobalSection
	GlobalSection(SolutionProperties) = preSolution
		HideSolutionNode = FALSE
	EndGlobalSection
	GlobalSection(ExtensibilityGlobals) = postSolution
		SolutionGuid = {B2FD4405-3902-42ED-AE18-AC73C2E5F398}
	EndGlobalSection
EndGlobal
